
Microsoft Visual Studio Solution File, Format Version 12.00
Project("{FAE04EC0-301F-11D3-BF4B-00C04F79EFBC}") = "DIPZadanie", "DIPZadanie.csproj", "{D4095272-AA99-4535-A2D0-F8B9F7CFB305}"
EndProject
Global
	GlobalSection(SolutionConfigurationPlatforms) = preSolution
		Debug|Any CPU = Debug|Any CPU
		Release|Any CPU = Release|Any CPU
	EndGlobalSection
	GlobalSection(ProjectConfigurationPlatforms) = postSolution
		{D4095272-AA99-4535-A2D0-F8B9F7CFB305}.Debug|Any CPU.ActiveCfg = Debug|Any CPU
		{D4095272-AA99-4535-A2D0-F8B9F7CFB305}.Debug|Any CPU.Build.0 = Debug|Any CPU
		{D4095272-AA99-4535-A2D0-F8B9F7CFB305}.Release|Any CPU.ActiveCfg = Release|Any CPU
		{D4095272-AA99-4535-A2D0-F8B9F7CFB305}.Release|Any CPU.Build.0 = Release|Any CPU
	EndGlobalSection
EndGlobal
