
Microsoft Visual Studio Solution File, Format Version 12.00
Project("{FAE04EC0-301F-11D3-BF4B-00C04F79EFBC}") = "3.03_zdarzenia", "3.03_zdarzenia\3.03_zdarzenia.csproj", "{B9EA26E5-173E-4317-9FB1-D058151F1F72}"
EndProject
Global
	GlobalSection(SolutionConfigurationPlatforms) = preSolution
		Debug|Any CPU = Debug|Any CPU
		Release|Any CPU = Release|Any CPU
	EndGlobalSection
	GlobalSection(ProjectConfigurationPlatforms) = postSolution
		{B9EA26E5-173E-4317-9FB1-D058151F1F72}.Debug|Any CPU.ActiveCfg = Debug|Any CPU
		{B9EA26E5-173E-4317-9FB1-D058151F1F72}.Debug|Any CPU.Build.0 = Debug|Any CPU
		{B9EA26E5-173E-4317-9FB1-D058151F1F72}.Release|Any CPU.ActiveCfg = Release|Any CPU
		{B9EA26E5-173E-4317-9FB1-D058151F1F72}.Release|Any CPU.Build.0 = Release|Any CPU
	EndGlobalSection
EndGlobal
